
Microsoft Visual Studio Solution File, Format Version 12.00
# Visual Studio Version 17
VisualStudioVersion = 17.4.33213.308
MinimumVisualStudioVersion = 10.0.40219.1
Project("{FAE04EC0-301F-11D3-BF4B-00C04F79EFBC}") = "RabbitMQ-Messenger-Lib", "RabbitMQ-Messenger-Lib\RabbitMQ-Messenger-Lib.csproj", "{AD8C7F8E-93D4-4A74-970F-1CAA40E11292}"
EndProject
Global
	GlobalSection(SolutionConfigurationPlatforms) = preSolution
		Debug|Any CPU = Debug|Any CPU
		Release|Any CPU = Release|Any CPU
	EndGlobalSection
	GlobalSection(ProjectConfigurationPlatforms) = postSolution
		{AD8C7F8E-93D4-4A74-970F-1CAA40E11292}.Debug|Any CPU.ActiveCfg = Release|Any CPU
		{AD8C7F8E-93D4-4A74-970F-1CAA40E11292}.Debug|Any CPU.Build.0 = Release|Any CPU
		{AD8C7F8E-93D4-4A74-970F-1CAA40E11292}.Release|Any CPU.ActiveCfg = Release|Any CPU
		{AD8C7F8E-93D4-4A74-970F-1CAA40E11292}.Release|Any CPU.Build.0 = Release|Any CPU
	EndGlobalSection
	GlobalSection(SolutionProperties) = preSolution
		HideSolutionNode = FALSE
	EndGlobalSection
	GlobalSection(ExtensibilityGlobals) = postSolution
		SolutionGuid = {DD8DFFF0-FEF3-45C1-8FE4-3FB166707249}
	EndGlobalSection
EndGlobal
